
Microsoft Visual Studio Solution File, Format Version 12.00
# Visual Studio Version 17
VisualStudioVersion = 17.8.34330.188
MinimumVisualStudioVersion = 10.0.40219.1
Project("{2150E333-8FDC-42A3-9474-1A3956D46DE8}") = "BookingService", "BookingService", "{31D160A0-AB35-4CF3-8D46-3F5C26C540FC}"
EndProject
Project("{2150E333-8FDC-42A3-9474-1A3956D46DE8}") = "PaymentService", "PaymentService", "{A7D6A3B6-B931-47D1-9DEA-2EAA68A395F1}"
EndProject
Project("{2150E333-8FDC-42A3-9474-1A3956D46DE8}") = "Domain", "Domain", "{14F642AB-7DDE-42B9-BBEE-1A584E749C2B}"
EndProject
Project("{2150E333-8FDC-42A3-9474-1A3956D46DE8}") = "Application", "Application", "{98432A14-3347-420E-AFAE-18F80BC4FD68}"
EndProject
Project("{2150E333-8FDC-42A3-9474-1A3956D46DE8}") = "Core", "Core", "{A421DED8-870D-48F6-A3BA-297EF80607B4}"
EndProject
Project("{2150E333-8FDC-42A3-9474-1A3956D46DE8}") = "Adapters", "Adapters", "{88835C4C-FEE6-4497-A3A5-25E57FAF3D61}"
EndProject
Project("{2150E333-8FDC-42A3-9474-1A3956D46DE8}") = "Consumers", "Consumers", "{9BBD0075-6DBC-4CDF-BD73-74F616913E48}"
EndProject
Project("{2150E333-8FDC-42A3-9474-1A3956D46DE8}") = "Tests", "Tests", "{C48C2B3B-133B-4C7F-8240-9FFCE61D1E1E}"
EndProject
Project("{2150E333-8FDC-42A3-9474-1A3956D46DE8}") = "Domain", "Domain", "{FED36D79-829D-4465-963D-857C57E9D485}"
EndProject
Project("{2150E333-8FDC-42A3-9474-1A3956D46DE8}") = "Application", "Application", "{26861384-5490-4982-8820-74079AFD3EF6}"
EndProject
Project("{2150E333-8FDC-42A3-9474-1A3956D46DE8}") = "Adapters", "Adapters", "{60B7FAD3-BBBF-4BBC-9928-D0882F0784A8}"
EndProject
Project("{9A19103F-16F7-4668-BE54-9A1E7A4F7556}") = "AdaptersTests", "BookingService\Tests\Adapters\AdaptersTests\AdaptersTests.csproj", "{84C167BD-1B80-47A2-B6C1-5493EF7D4A56}"
EndProject
Project("{9A19103F-16F7-4668-BE54-9A1E7A4F7556}") = "ApplicationTests", "BookingService\Tests\Application\ApplicationTests\ApplicationTests.csproj", "{882FDC37-AE92-4F0A-B279-A47D5083B5E1}"
EndProject
Project("{9A19103F-16F7-4668-BE54-9A1E7A4F7556}") = "DomainTests", "BookingService\Tests\Domain\DomainTests\DomainTests.csproj", "{38961CB4-5191-40EC-B044-01B77E6EEB98}"
EndProject
Project("{9A19103F-16F7-4668-BE54-9A1E7A4F7556}") = "API", "BookingService\Consumers\API\API.csproj", "{553CD260-B632-4534-9A22-274CFD31B6B4}"
EndProject
Project("{9A19103F-16F7-4668-BE54-9A1E7A4F7556}") = "Data", "BookingService\Adapters\Data\Data.csproj", "{C8D24F68-D849-4FE4-A0F3-ABEF9A3EAE16}"
EndProject
Project("{9A19103F-16F7-4668-BE54-9A1E7A4F7556}") = "Application", "BookingService\Core\Application\Application.csproj", "{1F2EFB89-E532-4994-8113-272F22923D97}"
EndProject
Project("{9A19103F-16F7-4668-BE54-9A1E7A4F7556}") = "Domain", "BookingService\Core\Domain\Domain.csproj", "{7954C2C8-62BF-4989-AAA1-34AB69AC756C}"
EndProject
Global
	GlobalSection(SolutionConfigurationPlatforms) = preSolution
		Debug|Any CPU = Debug|Any CPU
		Release|Any CPU = Release|Any CPU
	EndGlobalSection
	GlobalSection(ProjectConfigurationPlatforms) = postSolution
		{84C167BD-1B80-47A2-B6C1-5493EF7D4A56}.Debug|Any CPU.ActiveCfg = Debug|Any CPU
		{84C167BD-1B80-47A2-B6C1-5493EF7D4A56}.Debug|Any CPU.Build.0 = Debug|Any CPU
		{84C167BD-1B80-47A2-B6C1-5493EF7D4A56}.Release|Any CPU.ActiveCfg = Release|Any CPU
		{84C167BD-1B80-47A2-B6C1-5493EF7D4A56}.Release|Any CPU.Build.0 = Release|Any CPU
		{882FDC37-AE92-4F0A-B279-A47D5083B5E1}.Debug|Any CPU.ActiveCfg = Debug|Any CPU
		{882FDC37-AE92-4F0A-B279-A47D5083B5E1}.Debug|Any CPU.Build.0 = Debug|Any CPU
		{882FDC37-AE92-4F0A-B279-A47D5083B5E1}.Release|Any CPU.ActiveCfg = Release|Any CPU
		{882FDC37-AE92-4F0A-B279-A47D5083B5E1}.Release|Any CPU.Build.0 = Release|Any CPU
		{38961CB4-5191-40EC-B044-01B77E6EEB98}.Debug|Any CPU.ActiveCfg = Debug|Any CPU
		{38961CB4-5191-40EC-B044-01B77E6EEB98}.Debug|Any CPU.Build.0 = Debug|Any CPU
		{38961CB4-5191-40EC-B044-01B77E6EEB98}.Release|Any CPU.ActiveCfg = Release|Any CPU
		{38961CB4-5191-40EC-B044-01B77E6EEB98}.Release|Any CPU.Build.0 = Release|Any CPU
		{553CD260-B632-4534-9A22-274CFD31B6B4}.Debug|Any CPU.ActiveCfg = Debug|Any CPU
		{553CD260-B632-4534-9A22-274CFD31B6B4}.Debug|Any CPU.Build.0 = Debug|Any CPU
		{553CD260-B632-4534-9A22-274CFD31B6B4}.Release|Any CPU.ActiveCfg = Release|Any CPU
		{553CD260-B632-4534-9A22-274CFD31B6B4}.Release|Any CPU.Build.0 = Release|Any CPU
		{C8D24F68-D849-4FE4-A0F3-ABEF9A3EAE16}.Debug|Any CPU.ActiveCfg = Debug|Any CPU
		{C8D24F68-D849-4FE4-A0F3-ABEF9A3EAE16}.Debug|Any CPU.Build.0 = Debug|Any CPU
		{C8D24F68-D849-4FE4-A0F3-ABEF9A3EAE16}.Release|Any CPU.ActiveCfg = Release|Any CPU
		{C8D24F68-D849-4FE4-A0F3-ABEF9A3EAE16}.Release|Any CPU.Build.0 = Release|Any CPU
		{1F2EFB89-E532-4994-8113-272F22923D97}.Debug|Any CPU.ActiveCfg = Debug|Any CPU
		{1F2EFB89-E532-4994-8113-272F22923D97}.Debug|Any CPU.Build.0 = Debug|Any CPU
		{1F2EFB89-E532-4994-8113-272F22923D97}.Release|Any CPU.ActiveCfg = Release|Any CPU
		{1F2EFB89-E532-4994-8113-272F22923D97}.Release|Any CPU.Build.0 = Release|Any CPU
		{7954C2C8-62BF-4989-AAA1-34AB69AC756C}.Debug|Any CPU.ActiveCfg = Debug|Any CPU
		{7954C2C8-62BF-4989-AAA1-34AB69AC756C}.Debug|Any CPU.Build.0 = Debug|Any CPU
		{7954C2C8-62BF-4989-AAA1-34AB69AC756C}.Release|Any CPU.ActiveCfg = Release|Any CPU
		{7954C2C8-62BF-4989-AAA1-34AB69AC756C}.Release|Any CPU.Build.0 = Release|Any CPU
	EndGlobalSection
	GlobalSection(SolutionProperties) = preSolution
		HideSolutionNode = FALSE
	EndGlobalSection
	GlobalSection(NestedProjects) = preSolution
		{14F642AB-7DDE-42B9-BBEE-1A584E749C2B} = {A421DED8-870D-48F6-A3BA-297EF80607B4}
		{98432A14-3347-420E-AFAE-18F80BC4FD68} = {A421DED8-870D-48F6-A3BA-297EF80607B4}
		{A421DED8-870D-48F6-A3BA-297EF80607B4} = {31D160A0-AB35-4CF3-8D46-3F5C26C540FC}
		{88835C4C-FEE6-4497-A3A5-25E57FAF3D61} = {31D160A0-AB35-4CF3-8D46-3F5C26C540FC}
		{9BBD0075-6DBC-4CDF-BD73-74F616913E48} = {31D160A0-AB35-4CF3-8D46-3F5C26C540FC}
		{C48C2B3B-133B-4C7F-8240-9FFCE61D1E1E} = {31D160A0-AB35-4CF3-8D46-3F5C26C540FC}
		{FED36D79-829D-4465-963D-857C57E9D485} = {C48C2B3B-133B-4C7F-8240-9FFCE61D1E1E}
		{26861384-5490-4982-8820-74079AFD3EF6} = {C48C2B3B-133B-4C7F-8240-9FFCE61D1E1E}
		{60B7FAD3-BBBF-4BBC-9928-D0882F0784A8} = {C48C2B3B-133B-4C7F-8240-9FFCE61D1E1E}
		{84C167BD-1B80-47A2-B6C1-5493EF7D4A56} = {60B7FAD3-BBBF-4BBC-9928-D0882F0784A8}
		{882FDC37-AE92-4F0A-B279-A47D5083B5E1} = {26861384-5490-4982-8820-74079AFD3EF6}
		{38961CB4-5191-40EC-B044-01B77E6EEB98} = {FED36D79-829D-4465-963D-857C57E9D485}
		{553CD260-B632-4534-9A22-274CFD31B6B4} = {9BBD0075-6DBC-4CDF-BD73-74F616913E48}
		{C8D24F68-D849-4FE4-A0F3-ABEF9A3EAE16} = {88835C4C-FEE6-4497-A3A5-25E57FAF3D61}
		{1F2EFB89-E532-4994-8113-272F22923D97} = {98432A14-3347-420E-AFAE-18F80BC4FD68}
		{7954C2C8-62BF-4989-AAA1-34AB69AC756C} = {14F642AB-7DDE-42B9-BBEE-1A584E749C2B}
	EndGlobalSection
	GlobalSection(ExtensibilityGlobals) = postSolution
		SolutionGuid = {DE4CD584-B4CA-4CCE-953E-B5BE6C2E3BE7}
	EndGlobalSection
EndGlobal
